
Microsoft Visual Studio Solution File, Format Version 12.00
# Visual Studio Version 16
VisualStudioVersion = 16.0.30907.101
MinimumVisualStudioVersion = 10.0.40219.1
Project("{9A19103F-16F7-4668-BE54-9A1E7A4F7556}") = "CarPurchasePlatform", "CarPurchasePlatform.csproj", "{A94B9F80-7A5D-4CB3-B037-730C21DD62B2}"
EndProject
Project("{9A19103F-16F7-4668-BE54-9A1E7A4F7556}") = "AutopliusServiceSample", "..\AutopliusServiceSample\AutopliusServiceSample.csproj", "{BC192C9F-E5B4-4D7B-BEC3-6F33174B4367}"
EndProject
Project("{9A19103F-16F7-4668-BE54-9A1E7A4F7556}") = "AutogidasServiceSample", "..\AutogidasServiceSample\AutogidasServiceSample.csproj", "{3C0FE5F3-BEDF-4C3C-BBD5-9B516B9E2E6C}"
EndProject
Project("{FAE04EC0-301F-11D3-BF4B-00C04F79EFBC}") = "CarVerticalSample", "..\CarVerticalSample\CarVerticalSample.csproj", "{06B8B750-D882-47D5-9706-8A7E825F8104}"
EndProject
Project("{FAE04EC0-301F-11D3-BF4B-00C04F79EFBC}") = "CarHistorySample", "..\CarHistorySample\CarHistorySample.csproj", "{6ADAD3CC-9F99-441D-B4B3-EBC418DEA70B}"
EndProject
Project("{FAE04EC0-301F-11D3-BF4B-00C04F79EFBC}") = "BTASample", "..\BTASample\BTASample.csproj", "{C91C924F-1098-47BB-9051-DD80C4777CB3}"
EndProject
Project("{FAE04EC0-301F-11D3-BF4B-00C04F79EFBC}") = "LietuvosDraudimasSample", "..\LietuvosDraudimasSample\LietuvosDraudimasSample.csproj", "{37136971-0273-4A82-B37D-709C47A7B4A5}"
EndProject
Project("{FAE04EC0-301F-11D3-BF4B-00C04F79EFBC}") = "SwedbankSample", "..\SwedbankSample\SwedbankSample.csproj", "{91E2C7AA-A401-495A-A1DD-1BEC29E63BF5}"
EndProject
Project("{FAE04EC0-301F-11D3-BF4B-00C04F79EFBC}") = "BigBankSample", "..\BigBankSample\BigBankSample.csproj", "{B10F677B-B12F-47F0-8D56-4CAC7BD0A125}"
EndProject
Project("{FAE04EC0-301F-11D3-BF4B-00C04F79EFBC}") = "RegitraSample", "..\RegitraSample\RegitraSample.csproj", "{AD748A50-57A8-43B5-A530-0038949AF89E}"
EndProject
Global
	GlobalSection(SolutionConfigurationPlatforms) = preSolution
		Debug|Any CPU = Debug|Any CPU
		Release|Any CPU = Release|Any CPU
	EndGlobalSection
	GlobalSection(ProjectConfigurationPlatforms) = postSolution
		{A94B9F80-7A5D-4CB3-B037-730C21DD62B2}.Debug|Any CPU.ActiveCfg = Debug|Any CPU
		{A94B9F80-7A5D-4CB3-B037-730C21DD62B2}.Debug|Any CPU.Build.0 = Debug|Any CPU
		{A94B9F80-7A5D-4CB3-B037-730C21DD62B2}.Release|Any CPU.ActiveCfg = Release|Any CPU
		{A94B9F80-7A5D-4CB3-B037-730C21DD62B2}.Release|Any CPU.Build.0 = Release|Any CPU
		{BC192C9F-E5B4-4D7B-BEC3-6F33174B4367}.Debug|Any CPU.ActiveCfg = Debug|Any CPU
		{BC192C9F-E5B4-4D7B-BEC3-6F33174B4367}.Debug|Any CPU.Build.0 = Debug|Any CPU
		{BC192C9F-E5B4-4D7B-BEC3-6F33174B4367}.Release|Any CPU.ActiveCfg = Release|Any CPU
		{BC192C9F-E5B4-4D7B-BEC3-6F33174B4367}.Release|Any CPU.Build.0 = Release|Any CPU
		{3C0FE5F3-BEDF-4C3C-BBD5-9B516B9E2E6C}.Debug|Any CPU.ActiveCfg = Debug|Any CPU
		{3C0FE5F3-BEDF-4C3C-BBD5-9B516B9E2E6C}.Debug|Any CPU.Build.0 = Debug|Any CPU
		{3C0FE5F3-BEDF-4C3C-BBD5-9B516B9E2E6C}.Release|Any CPU.ActiveCfg = Release|Any CPU
		{3C0FE5F3-BEDF-4C3C-BBD5-9B516B9E2E6C}.Release|Any CPU.Build.0 = Release|Any CPU
		{06B8B750-D882-47D5-9706-8A7E825F8104}.Debug|Any CPU.ActiveCfg = Debug|Any CPU
		{06B8B750-D882-47D5-9706-8A7E825F8104}.Debug|Any CPU.Build.0 = Debug|Any CPU
		{06B8B750-D882-47D5-9706-8A7E825F8104}.Release|Any CPU.ActiveCfg = Release|Any CPU
		{06B8B750-D882-47D5-9706-8A7E825F8104}.Release|Any CPU.Build.0 = Release|Any CPU
		{6ADAD3CC-9F99-441D-B4B3-EBC418DEA70B}.Debug|Any CPU.ActiveCfg = Debug|Any CPU
		{6ADAD3CC-9F99-441D-B4B3-EBC418DEA70B}.Debug|Any CPU.Build.0 = Debug|Any CPU
		{6ADAD3CC-9F99-441D-B4B3-EBC418DEA70B}.Release|Any CPU.ActiveCfg = Release|Any CPU
		{6ADAD3CC-9F99-441D-B4B3-EBC418DEA70B}.Release|Any CPU.Build.0 = Release|Any CPU
		{C91C924F-1098-47BB-9051-DD80C4777CB3}.Debug|Any CPU.ActiveCfg = Debug|Any CPU
		{C91C924F-1098-47BB-9051-DD80C4777CB3}.Debug|Any CPU.Build.0 = Debug|Any CPU
		{C91C924F-1098-47BB-9051-DD80C4777CB3}.Release|Any CPU.ActiveCfg = Release|Any CPU
		{C91C924F-1098-47BB-9051-DD80C4777CB3}.Release|Any CPU.Build.0 = Release|Any CPU
		{37136971-0273-4A82-B37D-709C47A7B4A5}.Debug|Any CPU.ActiveCfg = Debug|Any CPU
		{37136971-0273-4A82-B37D-709C47A7B4A5}.Debug|Any CPU.Build.0 = Debug|Any CPU
		{37136971-0273-4A82-B37D-709C47A7B4A5}.Release|Any CPU.ActiveCfg = Release|Any CPU
		{37136971-0273-4A82-B37D-709C47A7B4A5}.Release|Any CPU.Build.0 = Release|Any CPU
		{91E2C7AA-A401-495A-A1DD-1BEC29E63BF5}.Debug|Any CPU.ActiveCfg = Debug|Any CPU
		{91E2C7AA-A401-495A-A1DD-1BEC29E63BF5}.Debug|Any CPU.Build.0 = Debug|Any CPU
		{91E2C7AA-A401-495A-A1DD-1BEC29E63BF5}.Release|Any CPU.ActiveCfg = Release|Any CPU
		{91E2C7AA-A401-495A-A1DD-1BEC29E63BF5}.Release|Any CPU.Build.0 = Release|Any CPU
		{B10F677B-B12F-47F0-8D56-4CAC7BD0A125}.Debug|Any CPU.ActiveCfg = Debug|Any CPU
		{B10F677B-B12F-47F0-8D56-4CAC7BD0A125}.Debug|Any CPU.Build.0 = Debug|Any CPU
		{B10F677B-B12F-47F0-8D56-4CAC7BD0A125}.Release|Any CPU.ActiveCfg = Release|Any CPU
		{B10F677B-B12F-47F0-8D56-4CAC7BD0A125}.Release|Any CPU.Build.0 = Release|Any CPU
		{AD748A50-57A8-43B5-A530-0038949AF89E}.Debug|Any CPU.ActiveCfg = Debug|Any CPU
		{AD748A50-57A8-43B5-A530-0038949AF89E}.Debug|Any CPU.Build.0 = Debug|Any CPU
		{AD748A50-57A8-43B5-A530-0038949AF89E}.Release|Any CPU.ActiveCfg = Release|Any CPU
		{AD748A50-57A8-43B5-A530-0038949AF89E}.Release|Any CPU.Build.0 = Release|Any CPU
	EndGlobalSection
	GlobalSection(SolutionProperties) = preSolution
		HideSolutionNode = FALSE
	EndGlobalSection
	GlobalSection(ExtensibilityGlobals) = postSolution
		SolutionGuid = {06B5D44F-7516-413D-8DD9-F5AC16B06F56}
	EndGlobalSection
EndGlobal
